
Microsoft Visual Studio Solution File, Format Version 12.00
# Visual Studio Version 16
VisualStudioVersion = 16.0.31025.194
MinimumVisualStudioVersion = 10.0.40219.1
Project("{8BC9CEB8-8B4A-11D0-8D11-00A0C91BC942}") = "test", "test.vcxproj", "{80D5A102-FFB7-4094-A377-9C153DEAE86D}"
EndProject
Project("{2150E333-8FDC-42A3-9474-1A3956D46DE8}") = "torus", "torus", "{E4EFD4F5-52E8-45BB-A5C6-0A001AFD8DBE}"
	ProjectSection(SolutionItems) = preProject
		..\torus\torus.hpp = ..\torus\torus.hpp
		..\torus\torus_grid.hpp = ..\torus\torus_grid.hpp
		..\torus\torus_hrtree.hpp = ..\torus\torus_hrtree.hpp
	EndProjectSection
EndProject
Global
	GlobalSection(SolutionConfigurationPlatforms) = preSolution
		Debug|x64 = Debug|x64
		Release|x64 = Release|x64
	EndGlobalSection
	GlobalSection(ProjectConfigurationPlatforms) = postSolution
		{80D5A102-FFB7-4094-A377-9C153DEAE86D}.Debug|x64.ActiveCfg = Debug|x64
		{80D5A102-FFB7-4094-A377-9C153DEAE86D}.Debug|x64.Build.0 = Debug|x64
		{80D5A102-FFB7-4094-A377-9C153DEAE86D}.Release|x64.ActiveCfg = Release|x64
		{80D5A102-FFB7-4094-A377-9C153DEAE86D}.Release|x64.Build.0 = Release|x64
	EndGlobalSection
	GlobalSection(SolutionProperties) = preSolution
		HideSolutionNode = FALSE
	EndGlobalSection
	GlobalSection(ExtensibilityGlobals) = postSolution
		SolutionGuid = {552F0AC0-6ED3-49E9-A0C6-7C2741AAF2F7}
	EndGlobalSection
EndGlobal
